{
  "version": 4,
  "terraform_version": "1.14.8",
  "serial": 3,
  "lineage": "8ee66666-122b-7702-1517-bac1a7e1f228",
  "outputs": {},
  "resources": [
    {
      "mode": "managed",
      "type": "local_file",
      "name": "test",
      "provider": "provider[\"registry.terraform.io/hashicorp/local\"]",
      "instances": [
        {
          "schema_version": 0,
          "attributes": {
            "content": " hello test",
            "content_base64": null,
            "content_base64sha256": "m482fwRJUqmyQfeHrLiGERWlGxnA0IE4c6/hDcRPcMY=",
            "content_base64sha512": "1hJJEOuT1WZUwJkzIFeEv5hGd7C3pvwArDZCLPKCsrI5Q+UwmUdwzDiiL6sLJyGDzfyXvX6CLEqoaTjZtIN1Kw==",
            "content_md5": "b397588a14e24a71f10d33e627d3046b",
            "content_sha1": "676fd24b88cb5ddb893e94bba6d9dc922f2428e9",
            "content_sha256": "9b8f367f044952a9b241f787acb8861115a51b19c0d0813873afe10dc44f70c6",
            "content_sha512": "d6124910eb93d56654c09933205784bf984677b0b7a6fc00ac36422cf282b2b23943e530994770cc38a22fab0b272183cdfc97bd7e822c4aa86938d9b483752b",
            "directory_permission": "0777",
            "file_permission": "0777",
            "filename": "/mnt/test.html",
            "id": "676fd24b88cb5ddb893e94bba6d9dc922f2428e9",
            "sensitive_content": null,
            "source": null
          },
          "sensitive_attributes": [
            [
              {
                "type": "get_attr",
                "value": "sensitive_content"
              }
            ]
          ],
          "identity_schema_version": 0
        }
      ]
    },
    {
      "mode": "managed",
      "type": "local_file",
      "name": "velocity",
      "provider": "provider[\"registry.terraform.io/hashicorp/local\"]",
      "instances": [
        {
          "schema_version": 0,
          "attributes": {
            "content": "hello velocity",
            "content_base64": null,
            "content_base64sha256": "XqFCS98PDj/VAzHCCKSI6p1Y7xVCGFapiMFOC3mjCLs=",
            "content_base64sha512": "zEhKh6I/MP555A62cxLATylyIVyOuBZbzF8W2+o9qrm7jgG80eMTAe39ZfNx5ucHhofqAkZX4QL4JPZUe6Wp3A==",
            "content_md5": "aa080e794eae040ca3e4bc51cf28cdf6",
            "content_sha1": "b99191710d1e7e4f8afbf890f10c672a1a03ed93",
            "content_sha256": "5ea1424bdf0f0e3fd50331c208a488ea9d58ef15421856a988c14e0b79a308bb",
            "content_sha512": "cc484a87a23f30fe79e40eb67312c04f2972215c8eb8165bcc5f16dbea3daab9bb8e01bcd1e31301edfd65f371e6e7078687ea024657e102f824f6547ba5a9dc",
            "directory_permission": "0777",
            "file_permission": "0777",
            "filename": "/mnt/velocity.html",
            "id": "b99191710d1e7e4f8afbf890f10c672a1a03ed93",
            "sensitive_content": null,
            "source": null
          },
          "sensitive_attributes": [
            [
              {
                "type": "get_attr",
                "value": "sensitive_content"
              }
            ]
          ],
          "identity_schema_version": 0
        }
      ]
    }
  ],
  "check_results": null
}
